
Microsoft Visual Studio Solution File, Format Version 12.00
# Visual Studio Version 16
VisualStudioVersion = 16.0.30611.23
MinimumVisualStudioVersion = 10.0.40219.1
Project("{FAE04EC0-301F-11D3-BF4B-00C04F79EFBC}") = "PLT_lab1", "PLT_lab1\PLT_lab1.csproj", "{FE234051-32DA-4AD9-9B46-1ACC958DB672}"
EndProject
Global
	GlobalSection(SolutionConfigurationPlatforms) = preSolution
		Debug|Any CPU = Debug|Any CPU
		Release|Any CPU = Release|Any CPU
	EndGlobalSection
	GlobalSection(ProjectConfigurationPlatforms) = postSolution
		{FE234051-32DA-4AD9-9B46-1ACC958DB672}.Debug|Any CPU.ActiveCfg = Debug|Any CPU
		{FE234051-32DA-4AD9-9B46-1ACC958DB672}.Debug|Any CPU.Build.0 = Debug|Any CPU
		{FE234051-32DA-4AD9-9B46-1ACC958DB672}.Release|Any CPU.ActiveCfg = Release|Any CPU
		{FE234051-32DA-4AD9-9B46-1ACC958DB672}.Release|Any CPU.Build.0 = Release|Any CPU
	EndGlobalSection
	GlobalSection(SolutionProperties) = preSolution
		HideSolutionNode = FALSE
	EndGlobalSection
	GlobalSection(ExtensibilityGlobals) = postSolution
		SolutionGuid = {8D2FB1D9-B222-41A6-AD2D-999F09A853CA}
	EndGlobalSection
EndGlobal
